
Microsoft Visual Studio Solution File, Format Version 12.00
# Visual Studio 15
VisualStudioVersion = 15.0.28307.489
MinimumVisualStudioVersion = 10.0.40219.1
Project("{FAE04EC0-301F-11D3-BF4B-00C04F79EFBC}") = "TestDemo", "TestDemo\TestDemo.csproj", "{4491F5AE-2F76-4143-AC29-57044074C812}"
EndProject
Project("{FAE04EC0-301F-11D3-BF4B-00C04F79EFBC}") = "VendingMachineTest", "VendingMachineTest\VendingMachineTest.csproj", "{A32B7670-5ABD-4307-817E-ABC877FA9E7A}"
EndProject
Project("{FAE04EC0-301F-11D3-BF4B-00C04F79EFBC}") = "BankDemo", "BankDemo\BankDemo.csproj", "{4DEA12A1-DAFE-4ADD-99FD-C86D80E8D6E3}"
EndProject
Global
	GlobalSection(SolutionConfigurationPlatforms) = preSolution
		Debug|Any CPU = Debug|Any CPU
		Release|Any CPU = Release|Any CPU
	EndGlobalSection
	GlobalSection(ProjectConfigurationPlatforms) = postSolution
		{4491F5AE-2F76-4143-AC29-57044074C812}.Debug|Any CPU.ActiveCfg = Debug|Any CPU
		{4491F5AE-2F76-4143-AC29-57044074C812}.Debug|Any CPU.Build.0 = Debug|Any CPU
		{4491F5AE-2F76-4143-AC29-57044074C812}.Release|Any CPU.ActiveCfg = Release|Any CPU
		{4491F5AE-2F76-4143-AC29-57044074C812}.Release|Any CPU.Build.0 = Release|Any CPU
		{A32B7670-5ABD-4307-817E-ABC877FA9E7A}.Debug|Any CPU.ActiveCfg = Debug|Any CPU
		{A32B7670-5ABD-4307-817E-ABC877FA9E7A}.Debug|Any CPU.Build.0 = Debug|Any CPU
		{A32B7670-5ABD-4307-817E-ABC877FA9E7A}.Release|Any CPU.ActiveCfg = Release|Any CPU
		{A32B7670-5ABD-4307-817E-ABC877FA9E7A}.Release|Any CPU.Build.0 = Release|Any CPU
		{4DEA12A1-DAFE-4ADD-99FD-C86D80E8D6E3}.Debug|Any CPU.ActiveCfg = Debug|Any CPU
		{4DEA12A1-DAFE-4ADD-99FD-C86D80E8D6E3}.Debug|Any CPU.Build.0 = Debug|Any CPU
		{4DEA12A1-DAFE-4ADD-99FD-C86D80E8D6E3}.Release|Any CPU.ActiveCfg = Release|Any CPU
		{4DEA12A1-DAFE-4ADD-99FD-C86D80E8D6E3}.Release|Any CPU.Build.0 = Release|Any CPU
	EndGlobalSection
	GlobalSection(SolutionProperties) = preSolution
		HideSolutionNode = FALSE
	EndGlobalSection
	GlobalSection(ExtensibilityGlobals) = postSolution
		SolutionGuid = {4CC2898A-140A-4F0E-8C50-52DE9EBDD470}
	EndGlobalSection
EndGlobal
